<?xml version="1.0" encoding="utf-8"?>
<Project ToolsVersion="4.0" xmlns="http://schemas.microsoft.com/developer/msbuild/2003">
  <ItemGroup>
    <Filter Include="Source Files">
      <UniqueIdentifier>{4FC737F1-C7A5-4376-A066-2A32D752A2FF}</UniqueIdentifier>
      <Extensions>cpp;c;cc;cxx;c++;cppm;ixx;def;odl;idl;hpj;bat;asm;asmx</Extensions>
    </Filter>
    <Filter Include="Header Files">
      <UniqueIdentifier>{93995380-89BD-4b04-88EB-625FBE52EBFB}</UniqueIdentifier>
      <Extensions>h;hh;hpp;hxx;h++;hm;inl;inc;ipp;xsd</Extensions>
    </Filter>
    <Filter Include="Resource Files">
      <UniqueIdentifier>{67DA6AB6-F800-4c08-8B7A-83BB121AAD01}</UniqueIdentifier>
      <Extensions>rc;ico;cur;bmp;dlg;rc2;rct;bin;rgs;gif;jpg;jpeg;jpe;resx;tiff;tif;png;wav;mfcribbon-ms</Extensions>
    </Filter>
    <Filter Include="Header Files\Game">
      <UniqueIdentifier>{e476cfab-97fb-4439-925b-d73fb4ccbf7e}</UniqueIdentifier>
    </Filter>
    <Filter Include="Source Files\Gamecpp">
      <UniqueIdentifier>{cdf6c2ff-a0a0-4baf-a6f7-0b19f48d3551}</UniqueIdentifier>
    </Filter>
    <Filter Include="Source Files\Account">
      <UniqueIdentifier>{f52a70e6-dc19-4ec8-bd8b-bf8b972e9688}</UniqueIdentifier>
    </Filter>
    <Filter Include="Header Files\hAccount">
      <UniqueIdentifier>{63666a67-c396-4f85-b844-c92b5d398099}</UniqueIdentifier>
    </Filter>
  </ItemGroup>
  <ItemGroup>
    <ClCompile Include="QuanLyGame.cpp">
      <Filter>Source Files</Filter>
    </ClCompile>
    <ClCompile Include="GameRPG.cpp">
      <Filter>Source Files\Gamecpp</Filter>
    </ClCompile>
    <ClCompile Include="caro.cpp">
      <Filter>Source Files\Gamecpp</Filter>
    </ClCompile>
    <ClCompile Include="Account.cpp">
      <Filter>Source Files\Account</Filter>
    </ClCompile>
    <ClCompile Include="AccountManager.cpp">
      <Filter>Source Files\Account</Filter>
    </ClCompile>
    <ClCompile Include="DefaultAcc.cpp">
      <Filter>Source Files\Account</Filter>
    </ClCompile>
    <ClCompile Include="VipAcc.cpp">
      <Filter>Source Files\Account</Filter>
    </ClCompile>
    <ClCompile Include="bigsmallgame.cpp">
      <Filter>Source Files\Gamecpp</Filter>
    </ClCompile>
  </ItemGroup>
  <ItemGroup>
    <ClInclude Include="GameRPG.h">
      <Filter>Header Files\Game</Filter>
    </ClInclude>
    <ClInclude Include="caro.h">
      <Filter>Header Files\Game</Filter>
    </ClInclude>
    <ClInclude Include="Account.h">
      <Filter>Header Files\hAccount</Filter>
    </ClInclude>
    <ClInclude Include="AccountManager.h">
      <Filter>Header Files\hAccount</Filter>
    </ClInclude>
    <ClInclude Include="DefaultAcc.h">
      <Filter>Header Files\hAccount</Filter>
    </ClInclude>
    <ClInclude Include="VipAcc.h">
      <Filter>Header Files\hAccount</Filter>
    </ClInclude>
    <ClInclude Include="bigsmallgame.h">
      <Filter>Header Files\Game</Filter>
    </ClInclude>
  </ItemGroup>
  <ItemGroup>
    <Text Include="Data.txt">
      <Filter>Source Files\Account</Filter>
    </Text>
  </ItemGroup>
</Project>